
Microsoft Visual Studio Solution File, Format Version 12.00
# Visual Studio Version 16
VisualStudioVersion = 16.0.30114.105
MinimumVisualStudioVersion = 10.0.40219.1
Project("{FAE04EC0-301F-11D3-BF4B-00C04F79EFBC}") = "DungeonSlime", "DungeonSlime\DungeonSlime.csproj", "{7BBBAE8C-BDE8-4AF7-85AA-7370222EF43E}"
EndProject
Project("{FAE04EC0-301F-11D3-BF4B-00C04F79EFBC}") = "MonoGameLibrary", "MonoGameLibrary\MonoGameLibrary.csproj", "{380D2D55-A1FE-4DBE-B0CB-BA46C85A1589}"
EndProject
Global
	GlobalSection(SolutionConfigurationPlatforms) = preSolution
		Debug|Any CPU = Debug|Any CPU
		Debug|x64 = Debug|x64
		Debug|x86 = Debug|x86
		Release|Any CPU = Release|Any CPU
		Release|x64 = Release|x64
		Release|x86 = Release|x86
	EndGlobalSection
	GlobalSection(ProjectConfigurationPlatforms) = postSolution
		{7BBBAE8C-BDE8-4AF7-85AA-7370222EF43E}.Debug|Any CPU.ActiveCfg = Debug|Any CPU
		{7BBBAE8C-BDE8-4AF7-85AA-7370222EF43E}.Debug|Any CPU.Build.0 = Debug|Any CPU
		{7BBBAE8C-BDE8-4AF7-85AA-7370222EF43E}.Debug|x64.ActiveCfg = Debug|Any CPU
		{7BBBAE8C-BDE8-4AF7-85AA-7370222EF43E}.Debug|x64.Build.0 = Debug|Any CPU
		{7BBBAE8C-BDE8-4AF7-85AA-7370222EF43E}.Debug|x86.ActiveCfg = Debug|Any CPU
		{7BBBAE8C-BDE8-4AF7-85AA-7370222EF43E}.Debug|x86.Build.0 = Debug|Any CPU
		{7BBBAE8C-BDE8-4AF7-85AA-7370222EF43E}.Release|Any CPU.ActiveCfg = Release|Any CPU
		{7BBBAE8C-BDE8-4AF7-85AA-7370222EF43E}.Release|Any CPU.Build.0 = Release|Any CPU
		{7BBBAE8C-BDE8-4AF7-85AA-7370222EF43E}.Release|x64.ActiveCfg = Release|Any CPU
		{7BBBAE8C-BDE8-4AF7-85AA-7370222EF43E}.Release|x64.Build.0 = Release|Any CPU
		{7BBBAE8C-BDE8-4AF7-85AA-7370222EF43E}.Release|x86.ActiveCfg = Release|Any CPU
		{7BBBAE8C-BDE8-4AF7-85AA-7370222EF43E}.Release|x86.Build.0 = Release|Any CPU
		{380D2D55-A1FE-4DBE-B0CB-BA46C85A1589}.Debug|Any CPU.ActiveCfg = Debug|Any CPU
		{380D2D55-A1FE-4DBE-B0CB-BA46C85A1589}.Debug|Any CPU.Build.0 = Debug|Any CPU
		{380D2D55-A1FE-4DBE-B0CB-BA46C85A1589}.Debug|x64.ActiveCfg = Debug|Any CPU
		{380D2D55-A1FE-4DBE-B0CB-BA46C85A1589}.Debug|x64.Build.0 = Debug|Any CPU
		{380D2D55-A1FE-4DBE-B0CB-BA46C85A1589}.Debug|x86.ActiveCfg = Debug|Any CPU
		{380D2D55-A1FE-4DBE-B0CB-BA46C85A1589}.Debug|x86.Build.0 = Debug|Any CPU
		{380D2D55-A1FE-4DBE-B0CB-BA46C85A1589}.Release|Any CPU.ActiveCfg = Release|Any CPU
		{380D2D55-A1FE-4DBE-B0CB-BA46C85A1589}.Release|Any CPU.Build.0 = Release|Any CPU
		{380D2D55-A1FE-4DBE-B0CB-BA46C85A1589}.Release|x64.ActiveCfg = Release|Any CPU
		{380D2D55-A1FE-4DBE-B0CB-BA46C85A1589}.Release|x64.Build.0 = Release|Any CPU
		{380D2D55-A1FE-4DBE-B0CB-BA46C85A1589}.Release|x86.ActiveCfg = Release|Any CPU
		{380D2D55-A1FE-4DBE-B0CB-BA46C85A1589}.Release|x86.Build.0 = Release|Any CPU
	EndGlobalSection
	GlobalSection(SolutionProperties) = preSolution
		HideSolutionNode = FALSE
	EndGlobalSection
EndGlobal
